
Microsoft Visual Studio Solution File, Format Version 12.00
# Visual Studio Version 17
VisualStudioVersion = 17.0.32112.339
MinimumVisualStudioVersion = 10.0.40219.1
Project("{FAE04EC0-301F-11D3-BF4B-00C04F79EFBC}") = "ITSense_Bodega", "ITSense_Bodega\ITSense_Bodega.csproj", "{49B0DC73-FF6B-4897-B5AC-4031229CCC2F}"
EndProject
Global
	GlobalSection(SolutionConfigurationPlatforms) = preSolution
		Debug|Any CPU = Debug|Any CPU
		Release|Any CPU = Release|Any CPU
	EndGlobalSection
	GlobalSection(ProjectConfigurationPlatforms) = postSolution
		{49B0DC73-FF6B-4897-B5AC-4031229CCC2F}.Debug|Any CPU.ActiveCfg = Debug|Any CPU
		{49B0DC73-FF6B-4897-B5AC-4031229CCC2F}.Debug|Any CPU.Build.0 = Debug|Any CPU
		{49B0DC73-FF6B-4897-B5AC-4031229CCC2F}.Release|Any CPU.ActiveCfg = Release|Any CPU
		{49B0DC73-FF6B-4897-B5AC-4031229CCC2F}.Release|Any CPU.Build.0 = Release|Any CPU
	EndGlobalSection
	GlobalSection(SolutionProperties) = preSolution
		HideSolutionNode = FALSE
	EndGlobalSection
	GlobalSection(ExtensibilityGlobals) = postSolution
		SolutionGuid = {F0C027EA-6DA0-4711-AD9D-0C634A3974AB}
	EndGlobalSection
EndGlobal
